
Microsoft Visual Studio Solution File, Format Version 12.00
Project("{FAE04EC0-301F-11D3-BF4B-00C04F79EFBC}") = "guestline.reservations.app", "guestline.reservations.app\guestline.reservations.app.csproj", "{AA293199-AFA9-4854-9486-81A682EA3B64}"
EndProject
Project("{FAE04EC0-301F-11D3-BF4B-00C04F79EFBC}") = "guestline.reservations.app.tests", "guestline.reservations.app.tests\guestline.reservations.app.tests.csproj", "{05FEA680-E899-49E5-8907-4D03AA416609}"
EndProject
Global
	GlobalSection(SolutionConfigurationPlatforms) = preSolution
		Debug|Any CPU = Debug|Any CPU
		Release|Any CPU = Release|Any CPU
	EndGlobalSection
	GlobalSection(ProjectConfigurationPlatforms) = postSolution
		{AA293199-AFA9-4854-9486-81A682EA3B64}.Debug|Any CPU.ActiveCfg = Debug|Any CPU
		{AA293199-AFA9-4854-9486-81A682EA3B64}.Debug|Any CPU.Build.0 = Debug|Any CPU
		{AA293199-AFA9-4854-9486-81A682EA3B64}.Release|Any CPU.ActiveCfg = Release|Any CPU
		{AA293199-AFA9-4854-9486-81A682EA3B64}.Release|Any CPU.Build.0 = Release|Any CPU
		{05FEA680-E899-49E5-8907-4D03AA416609}.Debug|Any CPU.ActiveCfg = Debug|Any CPU
		{05FEA680-E899-49E5-8907-4D03AA416609}.Debug|Any CPU.Build.0 = Debug|Any CPU
		{05FEA680-E899-49E5-8907-4D03AA416609}.Release|Any CPU.ActiveCfg = Release|Any CPU
		{05FEA680-E899-49E5-8907-4D03AA416609}.Release|Any CPU.Build.0 = Release|Any CPU
	EndGlobalSection
EndGlobal
